
Microsoft Visual Studio Solution File, Format Version 12.00
# Visual Studio Version 17
VisualStudioVersion = 17.7.34031.279
MinimumVisualStudioVersion = 10.0.40219.1
Project("{FAE04EC0-301F-11D3-BF4B-00C04F79EFBC}") = "ProyectoLab_IPO1", "ProyectoLab_IPO1\ProyectoLab_IPO1.csproj", "{ABC2D85A-EAD0-4050-B233-9171084C0016}"
EndProject
Global
	GlobalSection(SolutionConfigurationPlatforms) = preSolution
		Debug|Any CPU = Debug|Any CPU
		Release|Any CPU = Release|Any CPU
	EndGlobalSection
	GlobalSection(ProjectConfigurationPlatforms) = postSolution
		{ABC2D85A-EAD0-4050-B233-9171084C0016}.Debug|Any CPU.ActiveCfg = Debug|Any CPU
		{ABC2D85A-EAD0-4050-B233-9171084C0016}.Debug|Any CPU.Build.0 = Debug|Any CPU
		{ABC2D85A-EAD0-4050-B233-9171084C0016}.Release|Any CPU.ActiveCfg = Release|Any CPU
		{ABC2D85A-EAD0-4050-B233-9171084C0016}.Release|Any CPU.Build.0 = Release|Any CPU
	EndGlobalSection
	GlobalSection(SolutionProperties) = preSolution
		HideSolutionNode = FALSE
	EndGlobalSection
	GlobalSection(ExtensibilityGlobals) = postSolution
		SolutionGuid = {56C11660-F273-44D2-B4B3-042C30C5C354}
	EndGlobalSection
EndGlobal
